
Microsoft Visual Studio Solution File, Format Version 12.00
# Visual Studio Version 16
VisualStudioVersion = 16.0.28803.452
MinimumVisualStudioVersion = 10.0.40219.1
Project("{FAE04EC0-301F-11D3-BF4B-00C04F79EFBC}") = "2", "2\2.csproj", "{02BB9979-B1A6-4F8D-BE77-08AF17E976F4}"
EndProject
Global
	GlobalSection(SolutionConfigurationPlatforms) = preSolution
		Debug|Any CPU = Debug|Any CPU
		Release|Any CPU = Release|Any CPU
	EndGlobalSection
	GlobalSection(ProjectConfigurationPlatforms) = postSolution
		{02BB9979-B1A6-4F8D-BE77-08AF17E976F4}.Debug|Any CPU.ActiveCfg = Debug|Any CPU
		{02BB9979-B1A6-4F8D-BE77-08AF17E976F4}.Debug|Any CPU.Build.0 = Debug|Any CPU
		{02BB9979-B1A6-4F8D-BE77-08AF17E976F4}.Release|Any CPU.ActiveCfg = Release|Any CPU
		{02BB9979-B1A6-4F8D-BE77-08AF17E976F4}.Release|Any CPU.Build.0 = Release|Any CPU
	EndGlobalSection
	GlobalSection(SolutionProperties) = preSolution
		HideSolutionNode = FALSE
	EndGlobalSection
	GlobalSection(ExtensibilityGlobals) = postSolution
		SolutionGuid = {66C07A44-3BB7-4766-B3F4-44D75BD4FB0B}
	EndGlobalSection
EndGlobal
