
Microsoft Visual Studio Solution File, Format Version 12.00
# Visual Studio Version 16
VisualStudioVersion = 16.0.28803.452
MinimumVisualStudioVersion = 10.0.40219.1
Project("{9A19103F-16F7-4668-BE54-9A1E7A4F7556}") = "Encode", "Encode\Encode.csproj", "{DC69571B-6D3B-400A-BFC4-16F7A219C1F8}"
EndProject
Project("{9A19103F-16F7-4668-BE54-9A1E7A4F7556}") = "ClientApp", "ClientApp\ClientApp.csproj", "{02BB9979-B1A6-4F8D-BE77-08AF17E976F4}"
EndProject
Global
	GlobalSection(SolutionConfigurationPlatforms) = preSolution
		Debug|Any CPU = Debug|Any CPU
		Release|Any CPU = Release|Any CPU
	EndGlobalSection
	GlobalSection(ProjectConfigurationPlatforms) = postSolution
		{DC69571B-6D3B-400A-BFC4-16F7A219C1F8}.Debug|Any CPU.ActiveCfg = Debug|Any CPU
		{DC69571B-6D3B-400A-BFC4-16F7A219C1F8}.Debug|Any CPU.Build.0 = Debug|Any CPU
		{DC69571B-6D3B-400A-BFC4-16F7A219C1F8}.Release|Any CPU.ActiveCfg = Release|Any CPU
		{DC69571B-6D3B-400A-BFC4-16F7A219C1F8}.Release|Any CPU.Build.0 = Release|Any CPU
		{02BB9979-B1A6-4F8D-BE77-08AF17E976F4}.Debug|Any CPU.ActiveCfg = Debug|Any CPU
		{02BB9979-B1A6-4F8D-BE77-08AF17E976F4}.Debug|Any CPU.Build.0 = Debug|Any CPU
		{02BB9979-B1A6-4F8D-BE77-08AF17E976F4}.Release|Any CPU.ActiveCfg = Release|Any CPU
		{02BB9979-B1A6-4F8D-BE77-08AF17E976F4}.Release|Any CPU.Build.0 = Release|Any CPU
	EndGlobalSection
	GlobalSection(SolutionProperties) = preSolution
		HideSolutionNode = FALSE
	EndGlobalSection
	GlobalSection(ExtensibilityGlobals) = postSolution
		SolutionGuid = {66C07A44-3BB7-4766-B3F4-44D75BD4FB0B}
	EndGlobalSection
EndGlobal
